
Microsoft Visual Studio Solution File, Format Version 12.00
# Visual Studio Version 17
VisualStudioVersion = 17.9.34607.119
MinimumVisualStudioVersion = 10.0.40219.1
Project("{FAE04EC0-301F-11D3-BF4B-00C04F79EFBC}") = "Intro", "Intro\Intro.csproj", "{EB85865C-9C7B-4017-82E8-67FA7D40AEDD}"
EndProject
Global
	GlobalSection(SolutionConfigurationPlatforms) = preSolution
		Debug|Any CPU = Debug|Any CPU
		Release|Any CPU = Release|Any CPU
	EndGlobalSection
	GlobalSection(ProjectConfigurationPlatforms) = postSolution
		{EB85865C-9C7B-4017-82E8-67FA7D40AEDD}.Debug|Any CPU.ActiveCfg = Debug|Any CPU
		{EB85865C-9C7B-4017-82E8-67FA7D40AEDD}.Debug|Any CPU.Build.0 = Debug|Any CPU
		{EB85865C-9C7B-4017-82E8-67FA7D40AEDD}.Release|Any CPU.ActiveCfg = Release|Any CPU
		{EB85865C-9C7B-4017-82E8-67FA7D40AEDD}.Release|Any CPU.Build.0 = Release|Any CPU
	EndGlobalSection
	GlobalSection(SolutionProperties) = preSolution
		HideSolutionNode = FALSE
	EndGlobalSection
	GlobalSection(ExtensibilityGlobals) = postSolution
		SolutionGuid = {15CF2ADB-F53D-4459-A796-6A383EA52D11}
	EndGlobalSection
EndGlobal
